
Microsoft Visual Studio Solution File, Format Version 12.00
# Visual Studio Version 16
VisualStudioVersion = 16.0.29519.181
MinimumVisualStudioVersion = 10.0.40219.1
Project("{FAE04EC0-301F-11D3-BF4B-00C04F79EFBC}") = "GestionePrestito", "GestionePrestito\GestionePrestito.csproj", "{C082AAD1-738E-4FA6-AC97-1057C65D367B}"
EndProject
Global
	GlobalSection(SolutionConfigurationPlatforms) = preSolution
		Debug|Any CPU = Debug|Any CPU
		Release|Any CPU = Release|Any CPU
	EndGlobalSection
	GlobalSection(ProjectConfigurationPlatforms) = postSolution
		{C082AAD1-738E-4FA6-AC97-1057C65D367B}.Debug|Any CPU.ActiveCfg = Debug|Any CPU
		{C082AAD1-738E-4FA6-AC97-1057C65D367B}.Debug|Any CPU.Build.0 = Debug|Any CPU
		{C082AAD1-738E-4FA6-AC97-1057C65D367B}.Release|Any CPU.ActiveCfg = Release|Any CPU
		{C082AAD1-738E-4FA6-AC97-1057C65D367B}.Release|Any CPU.Build.0 = Release|Any CPU
	EndGlobalSection
	GlobalSection(SolutionProperties) = preSolution
		HideSolutionNode = FALSE
	EndGlobalSection
	GlobalSection(ExtensibilityGlobals) = postSolution
		SolutionGuid = {52F03EC2-6627-4B21-9ACD-55D412B18347}
	EndGlobalSection
EndGlobal
